
Microsoft Visual Studio Solution File, Format Version 12.00
# Visual Studio 15
VisualStudioVersion = 15.0.28306.52
MinimumVisualStudioVersion = 10.0.40219.1
Project("{FAE04EC0-301F-11D3-BF4B-00C04F79EFBC}") = "PJKTech", "PJKTech\PJKTech.csproj", "{F1A0E4AC-E2B7-4540-8CF7-BAC9BF16BC6F}"
EndProject
Project("{FAE04EC0-301F-11D3-BF4B-00C04F79EFBC}") = "PJKTech.Tests", "PJKTech.Tests\PJKTech.Tests.csproj", "{F690C817-E4A5-49C8-BFF1-C93E28FCF5A4}"
EndProject
Global
	GlobalSection(SolutionConfigurationPlatforms) = preSolution
		Debug|Any CPU = Debug|Any CPU
		Release|Any CPU = Release|Any CPU
	EndGlobalSection
	GlobalSection(ProjectConfigurationPlatforms) = postSolution
		{F1A0E4AC-E2B7-4540-8CF7-BAC9BF16BC6F}.Debug|Any CPU.ActiveCfg = Debug|Any CPU
		{F1A0E4AC-E2B7-4540-8CF7-BAC9BF16BC6F}.Debug|Any CPU.Build.0 = Debug|Any CPU
		{F1A0E4AC-E2B7-4540-8CF7-BAC9BF16BC6F}.Release|Any CPU.ActiveCfg = Release|Any CPU
		{F1A0E4AC-E2B7-4540-8CF7-BAC9BF16BC6F}.Release|Any CPU.Build.0 = Release|Any CPU
		{F690C817-E4A5-49C8-BFF1-C93E28FCF5A4}.Debug|Any CPU.ActiveCfg = Debug|Any CPU
		{F690C817-E4A5-49C8-BFF1-C93E28FCF5A4}.Debug|Any CPU.Build.0 = Debug|Any CPU
		{F690C817-E4A5-49C8-BFF1-C93E28FCF5A4}.Release|Any CPU.ActiveCfg = Release|Any CPU
		{F690C817-E4A5-49C8-BFF1-C93E28FCF5A4}.Release|Any CPU.Build.0 = Release|Any CPU
	EndGlobalSection
	GlobalSection(SolutionProperties) = preSolution
		HideSolutionNode = FALSE
	EndGlobalSection
	GlobalSection(ExtensibilityGlobals) = postSolution
		SolutionGuid = {8001A64B-131A-4462-8286-A15C98028240}
	EndGlobalSection
EndGlobal
